
Microsoft Visual Studio Solution File, Format Version 12.00
# Visual Studio 15
VisualStudioVersion = 15.0.27130.0
MinimumVisualStudioVersion = 10.0.40219.1
Project("{9092AA53-FB77-4645-B42D-1CCCA6BD08BD}") = "ExpressHelloWorld", "ExpressHelloWorld\ExpressHelloWorld.njsproj", "{DC7BE256-0CF7-4A71-B11D-EB3F560222A7}"
EndProject
Global
	GlobalSection(SolutionConfigurationPlatforms) = preSolution
		Debug|Any CPU = Debug|Any CPU
		Release|Any CPU = Release|Any CPU
	EndGlobalSection
	GlobalSection(ProjectConfigurationPlatforms) = postSolution
		{DC7BE256-0CF7-4A71-B11D-EB3F560222A7}.Debug|Any CPU.ActiveCfg = Debug|Any CPU
		{DC7BE256-0CF7-4A71-B11D-EB3F560222A7}.Debug|Any CPU.Build.0 = Debug|Any CPU
		{DC7BE256-0CF7-4A71-B11D-EB3F560222A7}.Release|Any CPU.ActiveCfg = Release|Any CPU
		{DC7BE256-0CF7-4A71-B11D-EB3F560222A7}.Release|Any CPU.Build.0 = Release|Any CPU
	EndGlobalSection
	GlobalSection(SolutionProperties) = preSolution
		HideSolutionNode = FALSE
	EndGlobalSection
	GlobalSection(ExtensibilityGlobals) = postSolution
		SolutionGuid = {12FBD4E2-4B1F-4788-B4E2-FB917411132E}
	EndGlobalSection
EndGlobal
