
Microsoft Visual Studio Solution File, Format Version 12.00
# Visual Studio 15
VisualStudioVersion = 15.0.27130.0
MinimumVisualStudioVersion = 10.0.40219.1
Project("{9092AA53-FB77-4645-B42D-1CCCA6BD08BD}") = "RestAPIPrimer2", "RestAPIPrimer2\RestAPIPrimer2.njsproj", "{616748A1-2939-4DA9-B57C-E50A39A5BA92}"
EndProject
Global
	GlobalSection(SolutionConfigurationPlatforms) = preSolution
		Debug|Any CPU = Debug|Any CPU
		Release|Any CPU = Release|Any CPU
	EndGlobalSection
	GlobalSection(ProjectConfigurationPlatforms) = postSolution
		{616748A1-2939-4DA9-B57C-E50A39A5BA92}.Debug|Any CPU.ActiveCfg = Debug|Any CPU
		{616748A1-2939-4DA9-B57C-E50A39A5BA92}.Debug|Any CPU.Build.0 = Debug|Any CPU
		{616748A1-2939-4DA9-B57C-E50A39A5BA92}.Release|Any CPU.ActiveCfg = Release|Any CPU
		{616748A1-2939-4DA9-B57C-E50A39A5BA92}.Release|Any CPU.Build.0 = Release|Any CPU
	EndGlobalSection
	GlobalSection(SolutionProperties) = preSolution
		HideSolutionNode = FALSE
	EndGlobalSection
	GlobalSection(ExtensibilityGlobals) = postSolution
		SolutionGuid = {B455D237-AC2A-46D0-8241-D45BA1AB5584}
	EndGlobalSection
EndGlobal
